
Microsoft Visual Studio Solution File, Format Version 12.00
# Visual Studio Version 16
VisualStudioVersion = 16.0.30804.86
MinimumVisualStudioVersion = 10.0.40219.1
Project("{FAE04EC0-301F-11D3-BF4B-00C04F79EFBC}") = "RomanToArabian", "RomanToArabian\RomanToArabian.csproj", "{7A9F8CE0-092E-4AEB-884C-579B22598059}"
EndProject
Global
	GlobalSection(SolutionConfigurationPlatforms) = preSolution
		Debug|Any CPU = Debug|Any CPU
		Release|Any CPU = Release|Any CPU
	EndGlobalSection
	GlobalSection(ProjectConfigurationPlatforms) = postSolution
		{7A9F8CE0-092E-4AEB-884C-579B22598059}.Debug|Any CPU.ActiveCfg = Debug|Any CPU
		{7A9F8CE0-092E-4AEB-884C-579B22598059}.Debug|Any CPU.Build.0 = Debug|Any CPU
		{7A9F8CE0-092E-4AEB-884C-579B22598059}.Release|Any CPU.ActiveCfg = Release|Any CPU
		{7A9F8CE0-092E-4AEB-884C-579B22598059}.Release|Any CPU.Build.0 = Release|Any CPU
	EndGlobalSection
	GlobalSection(SolutionProperties) = preSolution
		HideSolutionNode = FALSE
	EndGlobalSection
	GlobalSection(ExtensibilityGlobals) = postSolution
		SolutionGuid = {990C2BEB-A599-4D60-944C-262237BDB038}
	EndGlobalSection
EndGlobal
